// !$*UTF8*$!
{
	archiveVersion = 1;
	classes = {
	};
	objectVersion = 56;
	objects = {

/* Begin PBXBuildFile section */
		10E7E60A29972F3E00C9195C /* tempTracker Watch App.app in Embed Watch Content */ = {isa = PBXBuildFile; fileRef = 10E7E60929972F3E00C9195C /* tempTracker Watch App.app */; settings = {ATTRIBUTES = (RemoveHeadersOnCopy, ); }; };
		10E7E60F29972F3E00C9195C /* tempTrackerApp.swift in Sources */ = {isa = PBXBuildFile; fileRef = 10E7E60E29972F3E00C9195C /* tempTrackerApp.swift */; };
		10E7E61129972F3E00C9195C /* ContentView.swift in Sources */ = {isa = PBXBuildFile; fileRef = 10E7E61029972F3E00C9195C /* ContentView.swift */; };
		10E7E61329972F3F00C9195C /* Assets.xcassets in Resources */ = {isa = PBXBuildFile; fileRef = 10E7E61229972F3F00C9195C /* Assets.xcassets */; };
		10E7E61629972F3F00C9195C /* Preview Assets.xcassets in Resources */ = {isa = PBXBuildFile; fileRef = 10E7E61529972F3F00C9195C /* Preview Assets.xcassets */; };
/* End PBXBuildFile section */

/* Begin PBXContainerItemProxy section */
		10E7E60B29972F3E00C9195C /* PBXContainerItemProxy */ = {
			isa = PBXContainerItemProxy;
			containerPortal = 10E7E5FD29972F3D00C9195C /* Project object */;
			proxyType = 1;
			remoteGlobalIDString = 10E7E60829972F3E00C9195C;
			remoteInfo = "tempTracker Watch App";
		};
/* End PBXContainerItemProxy section */

/* Begin PBXCopyFilesBuildPhase section */
		10E7E61C29972F3F00C9195C /* Embed Watch Content */ = {
			isa = PBXCopyFilesBuildPhase;
			buildActionMask = 2147483647;
			dstPath = "$(CONTENTS_FOLDER_PATH)/Watch";
			dstSubfolderSpec = 16;
			files = (
				10E7E60A29972F3E00C9195C /* tempTracker Watch App.app in Embed Watch Content */,
			);
			name = "Embed Watch Content";
			runOnlyForDeploymentPostprocessing = 0;
		};
/* End PBXCopyFilesBuildPhase section */

/* Begin PBXFileReference section */
		101E797829C00F2100C76FA2 /* tempTracker-Watch-App-Info.plist */ = {isa = PBXFileReference; lastKnownFileType = text.plist; path = "tempTracker-Watch-App-Info.plist"; sourceTree = SOURCE_ROOT; };
		10E7E60329972F3E00C9195C /* tempTracker.app */ = {isa = PBXFileReference; explicitFileType = wrapper.application; includeInIndex = 0; path = tempTracker.app; sourceTree = BUILT_PRODUCTS_DIR; };
		10E7E60929972F3E00C9195C /* tempTracker Watch App.app */ = {isa = PBXFileReference; explicitFileType = wrapper.application; includeInIndex = 0; path = "tempTracker Watch App.app"; sourceTree = BUILT_PRODUCTS_DIR; };
		10E7E60E29972F3E00C9195C /* tempTrackerApp.swift */ = {isa = PBXFileReference; lastKnownFileType = sourcecode.swift; path = tempTrackerApp.swift; sourceTree = "<group>"; };
		10E7E61029972F3E00C9195C /* ContentView.swift */ = {isa = PBXFileReference; lastKnownFileType = sourcecode.swift; path = ContentView.swift; sourceTree = "<group>"; };
		10E7E61229972F3F00C9195C /* Assets.xcassets */ = {isa = PBXFileReference; lastKnownFileType = folder.assetcatalog; path = Assets.xcassets; sourceTree = "<group>"; };
		10E7E61529972F3F00C9195C /* Preview Assets.xcassets */ = {isa = PBXFileReference; lastKnownFileType = folder.assetcatalog; path = "Preview Assets.xcassets"; sourceTree = "<group>"; };
		10E7E62029972F5300C9195C /* tempTracker Watch App.entitlements */ = {isa = PBXFileReference; lastKnownFileType = text.plist.entitlements; path = "tempTracker Watch App.entitlements"; sourceTree = "<group>"; };
/* End PBXFileReference section */

/* Begin PBXFrameworksBuildPhase section */
		10E7E60629972F3E00C9195C /* Frameworks */ = {
			isa = PBXFrameworksBuildPhase;
			buildActionMask = 2147483647;
			files = (
			);
			runOnlyForDeploymentPostprocessing = 0;
		};
/* End PBXFrameworksBuildPhase section */

/* Begin PBXGroup section */
		10E7E5FC29972F3D00C9195C = {
			isa = PBXGroup;
			children = (
				10E7E60D29972F3E00C9195C /* tempTracker Watch App */,
				10E7E60429972F3E00C9195C /* Products */,
			);
			sourceTree = "<group>";
		};
		10E7E60429972F3E00C9195C /* Products */ = {
			isa = PBXGroup;
			children = (
				10E7E60329972F3E00C9195C /* tempTracker.app */,
				10E7E60929972F3E00C9195C /* tempTracker Watch App.app */,
			);
			name = Products;
			sourceTree = "<group>";
		};
		10E7E60D29972F3E00C9195C /* tempTracker Watch App */ = {
			isa = PBXGroup;
			children = (
				101E797829C00F2100C76FA2 /* tempTracker-Watch-App-Info.plist */,
				10E7E62029972F5300C9195C /* tempTracker Watch App.entitlements */,
				10E7E60E29972F3E00C9195C /* tempTrackerApp.swift */,
				10E7E61029972F3E00C9195C /* ContentView.swift */,
				10E7E61229972F3F00C9195C /* Assets.xcassets */,
				10E7E61429972F3F00C9195C /* Preview Content */,
			);
			path = "tempTracker Watch App";
			sourceTree = "<group>";
		};
		10E7E61429972F3F00C9195C /* Preview Content */ = {
			isa = PBXGroup;
			children = (
				10E7E61529972F3F00C9195C /* Preview Assets.xcassets */,
			);
			path = "Preview Content";
			sourceTree = "<group>";
		};
/* End PBXGroup section */

/* Begin PBXNativeTarget section */
		10E7E60229972F3E00C9195C /* tempTracker */ = {
			isa = PBXNativeTarget;
			buildConfigurationList = 10E7E61D29972F3F00C9195C /* Build configuration list for PBXNativeTarget "tempTracker" */;
			buildPhases = (
				10E7E60129972F3E00C9195C /* Resources */,
				10E7E61C29972F3F00C9195C /* Embed Watch Content */,
			);
			buildRules = (
			);
			dependencies = (
				10E7E60C29972F3E00C9195C /* PBXTargetDependency */,
			);
			name = tempTracker;
			productName = tempTracker;
			productReference = 10E7E60329972F3E00C9195C /* tempTracker.app */;
			productType = "com.apple.product-type.application.watchapp2-container";
		};
		10E7E60829972F3E00C9195C /* tempTracker Watch App */ = {
			isa = PBXNativeTarget;
			buildConfigurationList = 10E7E61929972F3F00C9195C /* Build configuration list for PBXNativeTarget "tempTracker Watch App" */;
			buildPhases = (
				10E7E60529972F3E00C9195C /* Sources */,
				10E7E60629972F3E00C9195C /* Frameworks */,
				10E7E60729972F3E00C9195C /* Resources */,
			);
			buildRules = (
			);
			dependencies = (
			);
			name = "tempTracker Watch App";
			productName = "tempTracker Watch App";
			productReference = 10E7E60929972F3E00C9195C /* tempTracker Watch App.app */;
			productType = "com.apple.product-type.application";
		};
/* End PBXNativeTarget section */

/* Begin PBXProject section */
		10E7E5FD29972F3D00C9195C /* Project object */ = {
			isa = PBXProject;
			attributes = {
				BuildIndependentTargetsInParallel = 1;
				LastSwiftUpdateCheck = 1410;
				LastUpgradeCheck = 1410;
				TargetAttributes = {
					10E7E60229972F3E00C9195C = {
						CreatedOnToolsVersion = 14.1;
					};
					10E7E60829972F3E00C9195C = {
						CreatedOnToolsVersion = 14.1;
					};
				};
			};
			buildConfigurationList = 10E7E60029972F3D00C9195C /* Build configuration list for PBXProject "tempTracker" */;
			compatibilityVersion = "Xcode 14.0";
			developmentRegion = en;
			hasScannedForEncodings = 0;
			knownRegions = (
				en,
				Base,
			);
			mainGroup = 10E7E5FC29972F3D00C9195C;
			productRefGroup = 10E7E60429972F3E00C9195C /* Products */;
			projectDirPath = "";
			projectRoot = "";
			targets = (
				10E7E60229972F3E00C9195C /* tempTracker */,
				10E7E60829972F3E00C9195C /* tempTracker Watch App */,
			);
		};
/* End PBXProject section */

/* Begin PBXResourcesBuildPhase section */
		10E7E60129972F3E00C9195C /* Resources */ = {
			isa = PBXResourcesBuildPhase;
			buildActionMask = 2147483647;
			files = (
			);
			runOnlyForDeploymentPostprocessing = 0;
		};
		10E7E60729972F3E00C9195C /* Resources */ = {
			isa = PBXResourcesBuildPhase;
			buildActionMask = 2147483647;
			files = (
				10E7E61629972F3F00C9195C /* Preview Assets.xcassets in Resources */,
				10E7E61329972F3F00C9195C /* Assets.xcassets in Resources */,
			);
			runOnlyForDeploymentPostprocessing = 0;
		};
/* End PBXResourcesBuildPhase section */

/* Begin PBXSourcesBuildPhase section */
		10E7E60529972F3E00C9195C /* Sources */ = {
			isa = PBXSourcesBuildPhase;
			buildActionMask = 2147483647;
			files = (
				10E7E61129972F3E00C9195C /* ContentView.swift in Sources */,
				10E7E60F29972F3E00C9195C /* tempTrackerApp.swift in Sources */,
			);
			runOnlyForDeploymentPostprocessing = 0;
		};
/* End PBXSourcesBuildPhase section */

/* Begin PBXTargetDependency section */
		10E7E60C29972F3E00C9195C /* PBXTargetDependency */ = {
			isa = PBXTargetDependency;
			target = 10E7E60829972F3E00C9195C /* tempTracker Watch App */;
			targetProxy = 10E7E60B29972F3E00C9195C /* PBXContainerItemProxy */;
		};
/* End PBXTargetDependency section */

/* Begin XCBuildConfiguration section */
		10E7E61729972F3F00C9195C /* Debug */ = {
			isa = XCBuildConfiguration;
			buildSettings = {
				ALWAYS_SEARCH_USER_PATHS = NO;
				CLANG_ANALYZER_NONNULL = YES;
				CLANG_ANALYZER_NUMBER_OBJECT_CONVERSION = YES_AGGRESSIVE;
				CLANG_CXX_LANGUAGE_STANDARD = "gnu++20";
				CLANG_ENABLE_MODULES = YES;
				CLANG_ENABLE_OBJC_ARC = YES;
				CLANG_ENABLE_OBJC_WEAK = YES;
				CLANG_WARN_BLOCK_CAPTURE_AUTORELEASING = YES;
				CLANG_WARN_BOOL_CONVERSION = YES;
				CLANG_WARN_COMMA = YES;
				CLANG_WARN_CONSTANT_CONVERSION = YES;
				CLANG_WARN_DEPRECATED_OBJC_IMPLEMENTATIONS = YES;
				CLANG_WARN_DIRECT_OBJC_ISA_USAGE = YES_ERROR;
				CLANG_WARN_DOCUMENTATION_COMMENTS = YES;
				CLANG_WARN_EMPTY_BODY = YES;
				CLANG_WARN_ENUM_CONVERSION = YES;
				CLANG_WARN_INFINITE_RECURSION = YES;
				CLANG_WARN_INT_CONVERSION = YES;
				CLANG_WARN_NON_LITERAL_NULL_CONVERSION = YES;
				CLANG_WARN_OBJC_IMPLICIT_RETAIN_SELF = YES;
				CLANG_WARN_OBJC_LITERAL_CONVERSION = YES;
				CLANG_WARN_OBJC_ROOT_CLASS = YES_ERROR;
				CLANG_WARN_QUOTED_INCLUDE_IN_FRAMEWORK_HEADER = YES;
				CLANG_WARN_RANGE_LOOP_ANALYSIS = YES;
				CLANG_WARN_STRICT_PROTOTYPES = YES;
				CLANG_WARN_SUSPICIOUS_MOVE = YES;
				CLANG_WARN_UNGUARDED_AVAILABILITY = YES_AGGRESSIVE;
				CLANG_WARN_UNREACHABLE_CODE = YES;
				CLANG_WARN__DUPLICATE_METHOD_MATCH = YES;
				COPY_PHASE_STRIP = NO;
				DEBUG_INFORMATION_FORMAT = dwarf;
				ENABLE_STRICT_OBJC_MSGSEND = YES;
				ENABLE_TESTABILITY = YES;
				GCC_C_LANGUAGE_STANDARD = gnu11;
				GCC_DYNAMIC_NO_PIC = NO;
				GCC_NO_COMMON_BLOCKS = YES;
				GCC_OPTIMIZATION_LEVEL = 0;
				GCC_PREPROCESSOR_DEFINITIONS = (
					"DEBUG=1",
					"$(inherited)",
				);
				GCC_WARN_64_TO_32_BIT_CONVERSION = YES;
				GCC_WARN_ABOUT_RETURN_TYPE = YES_ERROR;
				GCC_WARN_UNDECLARED_SELECTOR = YES;
				GCC_WARN_UNINITIALIZED_AUTOS = YES_AGGRESSIVE;
				GCC_WARN_UNUSED_FUNCTION = YES;
				GCC_WARN_UNUSED_VARIABLE = YES;
				MTL_ENABLE_DEBUG_INFO = INCLUDE_SOURCE;
				MTL_FAST_MATH = YES;
				ONLY_ACTIVE_ARCH = YES;
				SWIFT_ACTIVE_COMPILATION_CONDITIONS = DEBUG;
				SWIFT_OPTIMIZATION_LEVEL = "-Onone";
				WATCHOS_DEPLOYMENT_TARGET = 9.1;
			};
			name = Debug;
		};
		10E7E61829972F3F00C9195C /* Release */ = {
			isa = XCBuildConfiguration;
			buildSettings = {
				ALWAYS_SEARCH_USER_PATHS = NO;
				CLANG_ANALYZER_NONNULL = YES;
				CLANG_ANALYZER_NUMBER_OBJECT_CONVERSION = YES_AGGRESSIVE;
				CLANG_CXX_LANGUAGE_STANDARD = "gnu++20";
				CLANG_ENABLE_MODULES = YES;
				CLANG_ENABLE_OBJC_ARC = YES;
				CLANG_ENABLE_OBJC_WEAK = YES;
				CLANG_WARN_BLOCK_CAPTURE_AUTORELEASING = YES;
				CLANG_WARN_BOOL_CONVERSION = YES;
				CLANG_WARN_COMMA = YES;
				CLANG_WARN_CONSTANT_CONVERSION = YES;
				CLANG_WARN_DEPRECATED_OBJC_IMPLEMENTATIONS = YES;
				CLANG_WARN_DIRECT_OBJC_ISA_USAGE = YES_ERROR;
				CLANG_WARN_DOCUMENTATION_COMMENTS = YES;
				CLANG_WARN_EMPTY_BODY = YES;
				CLANG_WARN_ENUM_CONVERSION = YES;
				CLANG_WARN_INFINITE_RECURSION = YES;
				CLANG_WARN_INT_CONVERSION = YES;
				CLANG_WARN_NON_LITERAL_NULL_CONVERSION = YES;
				CLANG_WARN_OBJC_IMPLICIT_RETAIN_SELF = YES;
				CLANG_WARN_OBJC_LITERAL_CONVERSION = YES;
				CLANG_WARN_OBJC_ROOT_CLASS = YES_ERROR;
				CLANG_WARN_QUOTED_INCLUDE_IN_FRAMEWORK_HEADER = YES;
				CLANG_WARN_RANGE_LOOP_ANALYSIS = YES;
				CLANG_WARN_STRICT_PROTOTYPES = YES;
				CLANG_WARN_SUSPICIOUS_MOVE = YES;
				CLANG_WARN_UNGUARDED_AVAILABILITY = YES_AGGRESSIVE;
				CLANG_WARN_UNREACHABLE_CODE = YES;
				CLANG_WARN__DUPLICATE_METHOD_MATCH = YES;
				COPY_PHASE_STRIP = NO;
				DEBUG_INFORMATION_FORMAT = "dwarf-with-dsym";
				ENABLE_NS_ASSERTIONS = NO;
				ENABLE_STRICT_OBJC_MSGSEND = YES;
				GCC_C_LANGUAGE_STANDARD = gnu11;
				GCC_NO_COMMON_BLOCKS = YES;
				GCC_WARN_64_TO_32_BIT_CONVERSION = YES;
				GCC_WARN_ABOUT_RETURN_TYPE = YES_ERROR;
				GCC_WARN_UNDECLARED_SELECTOR = YES;
				GCC_WARN_UNINITIALIZED_AUTOS = YES_AGGRESSIVE;
				GCC_WARN_UNUSED_FUNCTION = YES;
				GCC_WARN_UNUSED_VARIABLE = YES;
				MTL_ENABLE_DEBUG_INFO = NO;
				MTL_FAST_MATH = YES;
				SWIFT_COMPILATION_MODE = wholemodule;
				SWIFT_OPTIMIZATION_LEVEL = "-O";
				WATCHOS_DEPLOYMENT_TARGET = 9.1;
			};
			name = Release;
		};
		10E7E61A29972F3F00C9195C /* Debug */ = {
			isa = XCBuildConfiguration;
			buildSettings = {
				ASSETCATALOG_COMPILER_APPICON_NAME = AppIcon;
				ASSETCATALOG_COMPILER_GLOBAL_ACCENT_COLOR_NAME = AccentColor;
				CODE_SIGN_ENTITLEMENTS = "tempTracker Watch App/tempTracker Watch App.entitlements";
				CODE_SIGN_STYLE = Automatic;
				CURRENT_PROJECT_VERSION = 1;
				DEVELOPMENT_ASSET_PATHS = "\"tempTracker Watch App/Preview Content\"";
				DEVELOPMENT_TEAM = 25258X9VT5;
				ENABLE_PREVIEWS = YES;
				GENERATE_INFOPLIST_FILE = YES;
				INFOPLIST_FILE = "tempTracker-Watch-App-Info.plist";
				INFOPLIST_KEY_CFBundleDisplayName = tempTracker;
				INFOPLIST_KEY_LSApplicationCategoryType = "";
				INFOPLIST_KEY_NSHealthShareUsageDescription = "tempTracker Watch App would like to capture a snap shot of your heart rate for the purpose of using the data in a clinical research study. Please grant this permission to continue participating.";
				INFOPLIST_KEY_UISupportedInterfaceOrientations = "UIInterfaceOrientationPortrait UIInterfaceOrientationPortraitUpsideDown";
				INFOPLIST_KEY_WKWatchOnly = YES;
				LD_RUNPATH_SEARCH_PATHS = (
					"$(inherited)",
					"@executable_path/Frameworks",
				);
				MARKETING_VERSION = 1.0;
				PRODUCT_BUNDLE_IDENTIFIER = anonymous.tempTracker.watchkitapp;
				PRODUCT_NAME = "$(TARGET_NAME)";
				SDKROOT = watchos;
				SKIP_INSTALL = YES;
				SWIFT_EMIT_LOC_STRINGS = YES;
				SWIFT_VERSION = 5.0;
				TARGETED_DEVICE_FAMILY = 4;
				WATCHOS_DEPLOYMENT_TARGET = 9.1;
			};
			name = Debug;
		};
		10E7E61B29972F3F00C9195C /* Release */ = {
			isa = XCBuildConfiguration;
			buildSettings = {
				ASSETCATALOG_COMPILER_APPICON_NAME = AppIcon;
				ASSETCATALOG_COMPILER_GLOBAL_ACCENT_COLOR_NAME = AccentColor;
				CODE_SIGN_ENTITLEMENTS = "tempTracker Watch App/tempTracker Watch App.entitlements";
				CODE_SIGN_STYLE = Automatic;
				CURRENT_PROJECT_VERSION = 1;
				DEVELOPMENT_ASSET_PATHS = "\"tempTracker Watch App/Preview Content\"";
				DEVELOPMENT_TEAM = 25258X9VT5;
				ENABLE_PREVIEWS = YES;
				GENERATE_INFOPLIST_FILE = YES;
				INFOPLIST_FILE = "tempTracker-Watch-App-Info.plist";
				INFOPLIST_KEY_CFBundleDisplayName = tempTracker;
				INFOPLIST_KEY_LSApplicationCategoryType = "";
				INFOPLIST_KEY_NSHealthShareUsageDescription = "tempTracker Watch App would like to capture a snap shot of your heart rate for the purpose of using the data in a clinical research study. Please grant this permission to continue participating.";
				INFOPLIST_KEY_UISupportedInterfaceOrientations = "UIInterfaceOrientationPortrait UIInterfaceOrientationPortraitUpsideDown";
				INFOPLIST_KEY_WKWatchOnly = YES;
				LD_RUNPATH_SEARCH_PATHS = (
					"$(inherited)",
					"@executable_path/Frameworks",
				);
				MARKETING_VERSION = 1.0;
				PRODUCT_BUNDLE_IDENTIFIER = anonymous.tempTracker.watchkitapp;
				PRODUCT_NAME = "$(TARGET_NAME)";
				SDKROOT = watchos;
				SKIP_INSTALL = YES;
				SWIFT_EMIT_LOC_STRINGS = YES;
				SWIFT_VERSION = 5.0;
				TARGETED_DEVICE_FAMILY = 4;
				VALIDATE_PRODUCT = YES;
				WATCHOS_DEPLOYMENT_TARGET = 9.1;
			};
			name = Release;
		};
		10E7E61E29972F3F00C9195C /* Debug */ = {
			isa = XCBuildConfiguration;
			buildSettings = {
				ALWAYS_EMBED_SWIFT_STANDARD_LIBRARIES = YES;
				CODE_SIGN_STYLE = Automatic;
				CURRENT_PROJECT_VERSION = 1;
				DEVELOPMENT_TEAM = 25258X9VT5;
				INFOPLIST_KEY_CFBundleDisplayName = tempTracker;
				MARKETING_VERSION = 1.0;
				PRODUCT_BUNDLE_IDENTIFIER = anonymous.tempTracker;
				PRODUCT_NAME = "$(TARGET_NAME)";
				SDKROOT = iphoneos;
				SWIFT_VERSION = 5.0;
			};
			name = Debug;
		};
		10E7E61F29972F3F00C9195C /* Release */ = {
			isa = XCBuildConfiguration;
			buildSettings = {
				ALWAYS_EMBED_SWIFT_STANDARD_LIBRARIES = YES;
				CODE_SIGN_STYLE = Automatic;
				CURRENT_PROJECT_VERSION = 1;
				DEVELOPMENT_TEAM = 25258X9VT5;
				INFOPLIST_KEY_CFBundleDisplayName = tempTracker;
				MARKETING_VERSION = 1.0;
				PRODUCT_BUNDLE_IDENTIFIER = anonymous.tempTracker;
				PRODUCT_NAME = "$(TARGET_NAME)";
				SDKROOT = iphoneos;
				SWIFT_VERSION = 5.0;
				VALIDATE_PRODUCT = YES;
			};
			name = Release;
		};
/* End XCBuildConfiguration section */

/* Begin XCConfigurationList section */
		10E7E60029972F3D00C9195C /* Build configuration list for PBXProject "tempTracker" */ = {
			isa = XCConfigurationList;
			buildConfigurations = (
				10E7E61729972F3F00C9195C /* Debug */,
				10E7E61829972F3F00C9195C /* Release */,
			);
			defaultConfigurationIsVisible = 0;
			defaultConfigurationName = Release;
		};
		10E7E61929972F3F00C9195C /* Build configuration list for PBXNativeTarget "tempTracker Watch App" */ = {
			isa = XCConfigurationList;
			buildConfigurations = (
				10E7E61A29972F3F00C9195C /* Debug */,
				10E7E61B29972F3F00C9195C /* Release */,
			);
			defaultConfigurationIsVisible = 0;
			defaultConfigurationName = Release;
		};
		10E7E61D29972F3F00C9195C /* Build configuration list for PBXNativeTarget "tempTracker" */ = {
			isa = XCConfigurationList;
			buildConfigurations = (
				10E7E61E29972F3F00C9195C /* Debug */,
				10E7E61F29972F3F00C9195C /* Release */,
			);
			defaultConfigurationIsVisible = 0;
			defaultConfigurationName = Release;
		};
/* End XCConfigurationList section */
	};
	rootObject = 10E7E5FD29972F3D00C9195C /* Project object */;
}
